// !$*UTF8*$!
{
	archiveVersion = 1;
	classes = {
	};
	objectVersion = 46;
	objects = {

/* Begin PBXBuildFile section */
		D7175E261B6338FB00FF7E1E /* AppDelegate.swift in Sources */ = {isa = PBXBuildFile; fileRef = D7175E251B6338FB00FF7E1E /* AppDelegate.swift */; };
		D7175E281B6338FB00FF7E1E /* ViewController.swift in Sources */ = {isa = PBXBuildFile; fileRef = D7175E271B6338FB00FF7E1E /* ViewController.swift */; };
		D7175E2D1B6338FB00FF7E1E /* Images.xcassets in Resources */ = {isa = PBXBuildFile; fileRef = D7175E2C1B6338FB00FF7E1E /* Images.xcassets */; };
		D7175E3C1B6338FB00FF7E1E /* DatePiceDemoTests.swift in Sources */ = {isa = PBXBuildFile; fileRef = D7175E3B1B6338FB00FF7E1E /* DatePiceDemoTests.swift */; };
		D7175E471B6363B400FF7E1E /* bg_01@2x.png in Resources */ = {isa = PBXBuildFile; fileRef = D7175E451B6363B400FF7E1E /* bg_01@2x.png */; };
		D7175E481B6363B400FF7E1E /* bg_02@2x.png in Resources */ = {isa = PBXBuildFile; fileRef = D7175E461B6363B400FF7E1E /* bg_02@2x.png */; };
		D7175E4A1B63686800FF7E1E /* Person.swift in Sources */ = {isa = PBXBuildFile; fileRef = D7175E491B63686800FF7E1E /* Person.swift */; };
		D7175E4C1B636D7E00FF7E1E /* MyTableViewCell.swift in Sources */ = {isa = PBXBuildFile; fileRef = D7175E4B1B636D7E00FF7E1E /* MyTableViewCell.swift */; };
/* End PBXBuildFile section */

/* Begin PBXContainerItemProxy section */
		D7175E361B6338FB00FF7E1E /* PBXContainerItemProxy */ = {
			isa = PBXContainerItemProxy;
			containerPortal = D7175E181B6338FB00FF7E1E /* Project object */;
			proxyType = 1;
			remoteGlobalIDString = D7175E1F1B6338FB00FF7E1E;
			remoteInfo = DatePiceDemo;
		};
/* End PBXContainerItemProxy section */

/* Begin PBXFileReference section */
		D7175E201B6338FB00FF7E1E /* DatePiceDemo.app */ = {isa = PBXFileReference; explicitFileType = wrapper.application; includeInIndex = 0; path = DatePiceDemo.app; sourceTree = BUILT_PRODUCTS_DIR; };
		D7175E241B6338FB00FF7E1E /* Info.plist */ = {isa = PBXFileReference; lastKnownFileType = text.plist.xml; path = Info.plist; sourceTree = "<group>"; };
		D7175E251B6338FB00FF7E1E /* AppDelegate.swift */ = {isa = PBXFileReference; lastKnownFileType = sourcecode.swift; path = AppDelegate.swift; sourceTree = "<group>"; };
		D7175E271B6338FB00FF7E1E /* ViewController.swift */ = {isa = PBXFileReference; lastKnownFileType = sourcecode.swift; path = ViewController.swift; sourceTree = "<group>"; };
		D7175E2C1B6338FB00FF7E1E /* Images.xcassets */ = {isa = PBXFileReference; lastKnownFileType = folder.assetcatalog; path = Images.xcassets; sourceTree = "<group>"; };
		D7175E351B6338FB00FF7E1E /* DatePiceDemoTests.xctest */ = {isa = PBXFileReference; explicitFileType = wrapper.cfbundle; includeInIndex = 0; path = DatePiceDemoTests.xctest; sourceTree = BUILT_PRODUCTS_DIR; };
		D7175E3A1B6338FB00FF7E1E /* Info.plist */ = {isa = PBXFileReference; lastKnownFileType = text.plist.xml; path = Info.plist; sourceTree = "<group>"; };
		D7175E3B1B6338FB00FF7E1E /* DatePiceDemoTests.swift */ = {isa = PBXFileReference; lastKnownFileType = sourcecode.swift; path = DatePiceDemoTests.swift; sourceTree = "<group>"; };
		D7175E451B6363B400FF7E1E /* bg_01@2x.png */ = {isa = PBXFileReference; lastKnownFileType = image.png; path = "bg_01@2x.png"; sourceTree = "<group>"; };
		D7175E461B6363B400FF7E1E /* bg_02@2x.png */ = {isa = PBXFileReference; lastKnownFileType = image.png; path = "bg_02@2x.png"; sourceTree = "<group>"; };
		D7175E491B63686800FF7E1E /* Person.swift */ = {isa = PBXFileReference; fileEncoding = 4; lastKnownFileType = sourcecode.swift; path = Person.swift; sourceTree = "<group>"; };
		D7175E4B1B636D7E00FF7E1E /* MyTableViewCell.swift */ = {isa = PBXFileReference; fileEncoding = 4; lastKnownFileType = sourcecode.swift; path = MyTableViewCell.swift; sourceTree = "<group>"; };
/* End PBXFileReference section */

/* Begin PBXFrameworksBuildPhase section */
		D7175E1D1B6338FB00FF7E1E /* Frameworks */ = {
			isa = PBXFrameworksBuildPhase;
			buildActionMask = 2147483647;
			files = (
			);
			runOnlyForDeploymentPostprocessing = 0;
		};
		D7175E321B6338FB00FF7E1E /* Frameworks */ = {
			isa = PBXFrameworksBuildPhase;
			buildActionMask = 2147483647;
			files = (
			);
			runOnlyForDeploymentPostprocessing = 0;
		};
/* End PBXFrameworksBuildPhase section */

/* Begin PBXGroup section */
		D7175E171B6338FB00FF7E1E = {
			isa = PBXGroup;
			children = (
				D7175E221B6338FB00FF7E1E /* DatePiceDemo */,
				D7175E381B6338FB00FF7E1E /* DatePiceDemoTests */,
				D7175E211B6338FB00FF7E1E /* Products */,
			);
			sourceTree = "<group>";
		};
		D7175E211B6338FB00FF7E1E /* Products */ = {
			isa = PBXGroup;
			children = (
				D7175E201B6338FB00FF7E1E /* DatePiceDemo.app */,
				D7175E351B6338FB00FF7E1E /* DatePiceDemoTests.xctest */,
			);
			name = Products;
			sourceTree = "<group>";
		};
		D7175E221B6338FB00FF7E1E /* DatePiceDemo */ = {
			isa = PBXGroup;
			children = (
				D7175E451B6363B400FF7E1E /* bg_01@2x.png */,
				D7175E461B6363B400FF7E1E /* bg_02@2x.png */,
				D7175E251B6338FB00FF7E1E /* AppDelegate.swift */,
				D7175E271B6338FB00FF7E1E /* ViewController.swift */,
				D7175E491B63686800FF7E1E /* Person.swift */,
				D7175E4B1B636D7E00FF7E1E /* MyTableViewCell.swift */,
				D7175E2C1B6338FB00FF7E1E /* Images.xcassets */,
				D7175E231B6338FB00FF7E1E /* Supporting Files */,
			);
			path = DatePiceDemo;
			sourceTree = "<group>";
		};
		D7175E231B6338FB00FF7E1E /* Supporting Files */ = {
			isa = PBXGroup;
			children = (
				D7175E241B6338FB00FF7E1E /* Info.plist */,
			);
			name = "Supporting Files";
			sourceTree = "<group>";
		};
		D7175E381B6338FB00FF7E1E /* DatePiceDemoTests */ = {
			isa = PBXGroup;
			children = (
				D7175E3B1B6338FB00FF7E1E /* DatePiceDemoTests.swift */,
				D7175E391B6338FB00FF7E1E /* Supporting Files */,
			);
			path = DatePiceDemoTests;
			sourceTree = "<group>";
		};
		D7175E391B6338FB00FF7E1E /* Supporting Files */ = {
			isa = PBXGroup;
			children = (
				D7175E3A1B6338FB00FF7E1E /* Info.plist */,
			);
			name = "Supporting Files";
			sourceTree = "<group>";
		};
/* End PBXGroup section */

/* Begin PBXNativeTarget section */
		D7175E1F1B6338FB00FF7E1E /* DatePiceDemo */ = {
			isa = PBXNativeTarget;
			buildConfigurationList = D7175E3F1B6338FB00FF7E1E /* Build configuration list for PBXNativeTarget "DatePiceDemo" */;
			buildPhases = (
				D7175E1C1B6338FB00FF7E1E /* Sources */,
				D7175E1D1B6338FB00FF7E1E /* Frameworks */,
				D7175E1E1B6338FB00FF7E1E /* Resources */,
			);
			buildRules = (
			);
			dependencies = (
			);
			name = DatePiceDemo;
			productName = DatePiceDemo;
			productReference = D7175E201B6338FB00FF7E1E /* DatePiceDemo.app */;
			productType = "com.apple.product-type.application";
		};
		D7175E341B6338FB00FF7E1E /* DatePiceDemoTests */ = {
			isa = PBXNativeTarget;
			buildConfigurationList = D7175E421B6338FB00FF7E1E /* Build configuration list for PBXNativeTarget "DatePiceDemoTests" */;
			buildPhases = (
				D7175E311B6338FB00FF7E1E /* Sources */,
				D7175E321B6338FB00FF7E1E /* Frameworks */,
				D7175E331B6338FB00FF7E1E /* Resources */,
			);
			buildRules = (
			);
			dependencies = (
				D7175E371B6338FB00FF7E1E /* PBXTargetDependency */,
			);
			name = DatePiceDemoTests;
			productName = DatePiceDemoTests;
			productReference = D7175E351B6338FB00FF7E1E /* DatePiceDemoTests.xctest */;
			productType = "com.apple.product-type.bundle.unit-test";
		};
/* End PBXNativeTarget section */

/* Begin PBXProject section */
		D7175E181B6338FB00FF7E1E /* Project object */ = {
			isa = PBXProject;
			attributes = {
				LastUpgradeCheck = 0640;
				ORGANIZATIONNAME = Mrj;
				TargetAttributes = {
					D7175E1F1B6338FB00FF7E1E = {
						CreatedOnToolsVersion = 6.4;
					};
					D7175E341B6338FB00FF7E1E = {
						CreatedOnToolsVersion = 6.4;
						TestTargetID = D7175E1F1B6338FB00FF7E1E;
					};
				};
			};
			buildConfigurationList = D7175E1B1B6338FB00FF7E1E /* Build configuration list for PBXProject "DatePiceDemo" */;
			compatibilityVersion = "Xcode 3.2";
			developmentRegion = English;
			hasScannedForEncodings = 0;
			knownRegions = (
				en,
				Base,
			);
			mainGroup = D7175E171B6338FB00FF7E1E;
			productRefGroup = D7175E211B6338FB00FF7E1E /* Products */;
			projectDirPath = "";
			projectRoot = "";
			targets = (
				D7175E1F1B6338FB00FF7E1E /* DatePiceDemo */,
				D7175E341B6338FB00FF7E1E /* DatePiceDemoTests */,
			);
		};
/* End PBXProject section */

/* Begin PBXResourcesBuildPhase section */
		D7175E1E1B6338FB00FF7E1E /* Resources */ = {
			isa = PBXResourcesBuildPhase;
			buildActionMask = 2147483647;
			files = (
				D7175E471B6363B400FF7E1E /* bg_01@2x.png in Resources */,
				D7175E2D1B6338FB00FF7E1E /* Images.xcassets in Resources */,
				D7175E481B6363B400FF7E1E /* bg_02@2x.png in Resources */,
			);
			runOnlyForDeploymentPostprocessing = 0;
		};
		D7175E331B6338FB00FF7E1E /* Resources */ = {
			isa = PBXResourcesBuildPhase;
			buildActionMask = 2147483647;
			files = (
			);
			runOnlyForDeploymentPostprocessing = 0;
		};
/* End PBXResourcesBuildPhase section */

/* Begin PBXSourcesBuildPhase section */
		D7175E1C1B6338FB00FF7E1E /* Sources */ = {
			isa = PBXSourcesBuildPhase;
			buildActionMask = 2147483647;
			files = (
				D7175E4A1B63686800FF7E1E /* Person.swift in Sources */,
				D7175E4C1B636D7E00FF7E1E /* MyTableViewCell.swift in Sources */,
				D7175E281B6338FB00FF7E1E /* ViewController.swift in Sources */,
				D7175E261B6338FB00FF7E1E /* AppDelegate.swift in Sources */,
			);
			runOnlyForDeploymentPostprocessing = 0;
		};
		D7175E311B6338FB00FF7E1E /* Sources */ = {
			isa = PBXSourcesBuildPhase;
			buildActionMask = 2147483647;
			files = (
				D7175E3C1B6338FB00FF7E1E /* DatePiceDemoTests.swift in Sources */,
			);
			runOnlyForDeploymentPostprocessing = 0;
		};
/* End PBXSourcesBuildPhase section */

/* Begin PBXTargetDependency section */
		D7175E371B6338FB00FF7E1E /* PBXTargetDependency */ = {
			isa = PBXTargetDependency;
			target = D7175E1F1B6338FB00FF7E1E /* DatePiceDemo */;
			targetProxy = D7175E361B6338FB00FF7E1E /* PBXContainerItemProxy */;
		};
/* End PBXTargetDependency section */

/* Begin XCBuildConfiguration section */
		D7175E3D1B6338FB00FF7E1E /* Debug */ = {
			isa = XCBuildConfiguration;
			buildSettings = {
				ALWAYS_SEARCH_USER_PATHS = NO;
				CLANG_CXX_LANGUAGE_STANDARD = "gnu++0x";
				CLANG_CXX_LIBRARY = "libc++";
				CLANG_ENABLE_MODULES = YES;
				CLANG_ENABLE_OBJC_ARC = YES;
				CLANG_WARN_BOOL_CONVERSION = YES;
				CLANG_WARN_CONSTANT_CONVERSION = YES;
				CLANG_WARN_DIRECT_OBJC_ISA_USAGE = YES_ERROR;
				CLANG_WARN_EMPTY_BODY = YES;
				CLANG_WARN_ENUM_CONVERSION = YES;
				CLANG_WARN_INT_CONVERSION = YES;
				CLANG_WARN_OBJC_ROOT_CLASS = YES_ERROR;
				CLANG_WARN_UNREACHABLE_CODE = YES;
				CLANG_WARN__DUPLICATE_METHOD_MATCH = YES;
				"CODE_SIGN_IDENTITY[sdk=iphoneos*]" = "iPhone Developer";
				COPY_PHASE_STRIP = NO;
				DEBUG_INFORMATION_FORMAT = "dwarf-with-dsym";
				ENABLE_STRICT_OBJC_MSGSEND = YES;
				GCC_C_LANGUAGE_STANDARD = gnu99;
				GCC_DYNAMIC_NO_PIC = NO;
				GCC_NO_COMMON_BLOCKS = YES;
				GCC_OPTIMIZATION_LEVEL = 0;
				GCC_PREPROCESSOR_DEFINITIONS = (
					"DEBUG=1",
					"$(inherited)",
				);
				GCC_SYMBOLS_PRIVATE_EXTERN = NO;
				GCC_WARN_64_TO_32_BIT_CONVERSION = YES;
				GCC_WARN_ABOUT_RETURN_TYPE = YES_ERROR;
				GCC_WARN_UNDECLARED_SELECTOR = YES;
				GCC_WARN_UNINITIALIZED_AUTOS = YES_AGGRESSIVE;
				GCC_WARN_UNUSED_FUNCTION = YES;
				GCC_WARN_UNUSED_VARIABLE = YES;
				IPHONEOS_DEPLOYMENT_TARGET = 8.4;
				MTL_ENABLE_DEBUG_INFO = YES;
				ONLY_ACTIVE_ARCH = YES;
				SDKROOT = iphoneos;
				SWIFT_OPTIMIZATION_LEVEL = "-Onone";
			};
			name = Debug;
		};
		D7175E3E1B6338FB00FF7E1E /* Release */ = {
			isa = XCBuildConfiguration;
			buildSettings = {
				ALWAYS_SEARCH_USER_PATHS = NO;
				CLANG_CXX_LANGUAGE_STANDARD = "gnu++0x";
				CLANG_CXX_LIBRARY = "libc++";
				CLANG_ENABLE_MODULES = YES;
				CLANG_ENABLE_OBJC_ARC = YES;
				CLANG_WARN_BOOL_CONVERSION = YES;
				CLANG_WARN_CONSTANT_CONVERSION = YES;
				CLANG_WARN_DIRECT_OBJC_ISA_USAGE = YES_ERROR;
				CLANG_WARN_EMPTY_BODY = YES;
				CLANG_WARN_ENUM_CONVERSION = YES;
				CLANG_WARN_INT_CONVERSION = YES;
				CLANG_WARN_OBJC_ROOT_CLASS = YES_ERROR;
				CLANG_WARN_UNREACHABLE_CODE = YES;
				CLANG_WARN__DUPLICATE_METHOD_MATCH = YES;
				"CODE_SIGN_IDENTITY[sdk=iphoneos*]" = "iPhone Developer";
				COPY_PHASE_STRIP = NO;
				DEBUG_INFORMATION_FORMAT = "dwarf-with-dsym";
				ENABLE_NS_ASSERTIONS = NO;
				ENABLE_STRICT_OBJC_MSGSEND = YES;
				GCC_C_LANGUAGE_STANDARD = gnu99;
				GCC_NO_COMMON_BLOCKS = YES;
				GCC_WARN_64_TO_32_BIT_CONVERSION = YES;
				GCC_WARN_ABOUT_RETURN_TYPE = YES_ERROR;
				GCC_WARN_UNDECLARED_SELECTOR = YES;
				GCC_WARN_UNINITIALIZED_AUTOS = YES_AGGRESSIVE;
				GCC_WARN_UNUSED_FUNCTION = YES;
				GCC_WARN_UNUSED_VARIABLE = YES;
				IPHONEOS_DEPLOYMENT_TARGET = 8.4;
				MTL_ENABLE_DEBUG_INFO = NO;
				SDKROOT = iphoneos;
				VALIDATE_PRODUCT = YES;
			};
			name = Release;
		};
		D7175E401B6338FB00FF7E1E /* Debug */ = {
			isa = XCBuildConfiguration;
			buildSettings = {
				ASSETCATALOG_COMPILER_APPICON_NAME = AppIcon;
				INFOPLIST_FILE = DatePiceDemo/Info.plist;
				IPHONEOS_DEPLOYMENT_TARGET = 8.0;
				LD_RUNPATH_SEARCH_PATHS = "$(inherited) @executable_path/Frameworks";
				PRODUCT_NAME = "$(TARGET_NAME)";
			};
			name = Debug;
		};
		D7175E411B6338FB00FF7E1E /* Release */ = {
			isa = XCBuildConfiguration;
			buildSettings = {
				ASSETCATALOG_COMPILER_APPICON_NAME = AppIcon;
				INFOPLIST_FILE = DatePiceDemo/Info.plist;
				IPHONEOS_DEPLOYMENT_TARGET = 8.0;
				LD_RUNPATH_SEARCH_PATHS = "$(inherited) @executable_path/Frameworks";
				PRODUCT_NAME = "$(TARGET_NAME)";
			};
			name = Release;
		};
		D7175E431B6338FB00FF7E1E /* Debug */ = {
			isa = XCBuildConfiguration;
			buildSettings = {
				BUNDLE_LOADER = "$(TEST_HOST)";
				FRAMEWORK_SEARCH_PATHS = (
					"$(SDKROOT)/Developer/Library/Frameworks",
					"$(inherited)",
				);
				GCC_PREPROCESSOR_DEFINITIONS = (
					"DEBUG=1",
					"$(inherited)",
				);
				INFOPLIST_FILE = DatePiceDemoTests/Info.plist;
				LD_RUNPATH_SEARCH_PATHS = "$(inherited) @executable_path/Frameworks @loader_path/Frameworks";
				PRODUCT_NAME = "$(TARGET_NAME)";
				TEST_HOST = "$(BUILT_PRODUCTS_DIR)/DatePiceDemo.app/DatePiceDemo";
			};
			name = Debug;
		};
		D7175E441B6338FB00FF7E1E /* Release */ = {
			isa = XCBuildConfiguration;
			buildSettings = {
				BUNDLE_LOADER = "$(TEST_HOST)";
				FRAMEWORK_SEARCH_PATHS = (
					"$(SDKROOT)/Developer/Library/Frameworks",
					"$(inherited)",
				);
				INFOPLIST_FILE = DatePiceDemoTests/Info.plist;
				LD_RUNPATH_SEARCH_PATHS = "$(inherited) @executable_path/Frameworks @loader_path/Frameworks";
				PRODUCT_NAME = "$(TARGET_NAME)";
				TEST_HOST = "$(BUILT_PRODUCTS_DIR)/DatePiceDemo.app/DatePiceDemo";
			};
			name = Release;
		};
/* End XCBuildConfiguration section */

/* Begin XCConfigurationList section */
		D7175E1B1B6338FB00FF7E1E /* Build configuration list for PBXProject "DatePiceDemo" */ = {
			isa = XCConfigurationList;
			buildConfigurations = (
				D7175E3D1B6338FB00FF7E1E /* Debug */,
				D7175E3E1B6338FB00FF7E1E /* Release */,
			);
			defaultConfigurationIsVisible = 0;
			defaultConfigurationName = Release;
		};
		D7175E3F1B6338FB00FF7E1E /* Build configuration list for PBXNativeTarget "DatePiceDemo" */ = {
			isa = XCConfigurationList;
			buildConfigurations = (
				D7175E401B6338FB00FF7E1E /* Debug */,
				D7175E411B6338FB00FF7E1E /* Release */,
			);
			defaultConfigurationIsVisible = 0;
		};
		D7175E421B6338FB00FF7E1E /* Build configuration list for PBXNativeTarget "DatePiceDemoTests" */ = {
			isa = XCConfigurationList;
			buildConfigurations = (
				D7175E431B6338FB00FF7E1E /* Debug */,
				D7175E441B6338FB00FF7E1E /* Release */,
			);
			defaultConfigurationIsVisible = 0;
		};
/* End XCConfigurationList section */
	};
	rootObject = D7175E181B6338FB00FF7E1E /* Project object */;
}
